lockfileVersion: '6.0'

settings:
  autoInstallPeers: true
  excludeLinksFromLockfile: false

dependencies:
  '@3-/apint':
    specifier: ^0.1.17
    version: 0.1.17
  '@3-/camel':
    specifier: ^0.0.3
    version: 0.0.3
  '@3-/extract':
    specifier: ^0.0.1
    version: 0.0.1
  '@3-/i18n':
    specifier: ^0.1.3
    version: 0.1.3
  '@3-/i18n-rust':
    specifier: ^0.1.21
    version: 0.1.21
  '@3-/jsext':
    specifier: ^0.0.5
    version: 0.0.5
  '@3-/loader':
    specifier: ^0.0.2
    version: 0.0.2
  '@3-/nt':
    specifier: ^0.1.2
    version: 0.1.2
  '@3-/on':
    specifier: ^0.0.1
    version: 0.0.1
  '@3-/read':
    specifier: ^0.0.1
    version: 0.0.1
  '@3-/snake':
    specifier: ^0.0.2
    version: 0.0.2
  '@3-/split':
    specifier: ^0.1.1
    version: 0.1.1
  '@3-/walk':
    specifier: ^0.0.1
    version: 0.0.1
  '@ltd/j-toml':
    specifier: ^1.38.0
    version: 1.38.0
  ioredis:
    specifier: ^5.3.2
    version: 5.3.2
  toml-patch:
    specifier: ^0.2.3
    version: 0.2.3
  zx:
    specifier: ^7.2.3
    version: 7.2.3

packages:

  /@3-/apint@0.1.17:
    resolution: {integrity: sha512-p/Pz24d8y3YvN2dcDPEmDUYgE1r7dmzBCfI+XzsvAmlU24S9HKzbLQeMHZqGUNYLNBkttZxFqSkC0PIxE5rDQA==}
    hasBin: true
    dependencies:
      '@3-/camel': 0.0.3
      '@3-/extract': 0.0.1
      '@3-/nt': 0.1.2
      '@3-/read': 0.0.1
      '@3-/walk': 0.0.1
      '@3-/write': 0.0.1
      zx: 7.2.3
    dev: false

  /@3-/bar@0.0.1:
    resolution: {integrity: sha512-sNWIyvW3BfxvnmacDNRjsgdS91w9mBfk83+sKgTxRsmhUV0Pn2d65e+1dAyAnoouGKWgDJA5zYPDtJjMLVhIhQ==}
    dependencies:
      chalk: 5.3.0
      progress: 2.0.3
    dev: false

  /@3-/binmap@0.0.1:
    resolution: {integrity: sha512-OWPcHypqnBE7GHz2vspu/oIbZwH0E5eewl9Fm5kA0WUEyyc8VsXj1kR0OAZVizUbdpt8TwRjcnjUwtNZpcB2Qw==}
    dev: false

  /@3-/cache@0.0.3:
    resolution: {integrity: sha512-jkawrI2PRyRsQHp30S4XzFzf8SslK8BwofZG3lrmF5oTaB0lrs+5pdEsbYOOzOAEZgr72HoXl6GuMU6JvioIxA==}
    dependencies:
      '@3-/jsmap': 0.0.4
      '@3-/msgpack': 0.0.2
    dev: false

  /@3-/cache_map@0.0.1:
    resolution: {integrity: sha512-Kso8clstSSIvjmSrdaL5I/JSfrDTJ4HteSqO+LQPFXSnxKEU4N3Wq3rcWjGD2UYI298rmxSYdd7gO9dUdMhIxg==}
    dependencies:
      '@3-/binmap': 0.0.1
      '@3-/utf8': 0.0.3
      '@3-/write': 0.0.1
    dev: false

  /@3-/caller_line@0.0.1:
    resolution: {integrity: sha512-ABXNqaN3kT4CBAdi43yjQQk7gbv7wkUAvlUIk+EC6DKptfiRSJtsRnYAjX17qYprdtpnYd5o8uESbS4xEP1hSw==}
    dev: false

  /@3-/camel@0.0.2:
    resolution: {integrity: sha512-fXGjlDgKekERpOtRt4DHlz3cCboHnClpA849FtPoMnhnyq2zM5vU9FyfnrfaloMPck9lir8FLdETsrXoTs31Tg==}
    dev: false

  /@3-/camel@0.0.3:
    resolution: {integrity: sha512-QdrqGE2M8T+e8UlxPk3dEaqRB3Sz1RovhTpaCPB/N9j4G7N62NdeM6W/RAu/T2jEI5VCByT4LN+UiZOgBnhh+w==}
    dev: false

  /@3-/coffee_plus@0.0.3:
    resolution: {integrity: sha512-qWgkZ0KzzWq13GkbFEaSbfH3OdUN+0WER0gOKeOQUA4wqtn2YNlygLo+ZSjurHhGQqdPLE45Q+dJ5EI8Wxxj8Q==}
    hasBin: true
    dependencies:
      '@3-/camel': 0.0.2
      '@3-/jsext': 0.0.1
      '@3-/walk': 0.0.1
      '@3-/write': 0.0.1
      fs-extra: 11.2.0
      lodash-es: 4.17.21
      yargs: 17.7.2
    dev: false

  /@3-/comment@0.0.1:
    resolution: {integrity: sha512-wz04vXM6vBI2pJx6BNCJrRowWRvssP37tqwBL+QmJjnOA83BtVNTG7K+vHrtDDyRHsClfEKtr1fux0niMmzrgg==}
    dev: false

  /@3-/ext@0.0.1:
    resolution: {integrity: sha512-euyisYSARvTqzwt7+8gs4ioxrScU0R56hB8E6JhFBdsnaLvH0KiMhSatvHC4oLy0nIb4gErmJqhDskD1F+y2zQ==}
    dev: false

  /@3-/extract@0.0.1:
    resolution: {integrity: sha512-tc4HvYQhUA35QIrCgvNm/upTT2lj6jYNtvJh1hRJFZymNQRfF9knTy8zMx6k6vy4arljD+Y8tSop26LV+xZSCw==}
    dev: false

  /@3-/htm2md@0.0.1:
    resolution: {integrity: sha512-24iU5st1SJVkH7Dr4dtrbe3qjKAgkzG8XkephMy1vO0+n5lZ/Urmgo0uSQXB19hjO8blm+HO346BNEktbOpTSg==}
    dependencies:
      lodash-es: 4.17.21
    dev: false

  /@3-/i18n-rust@0.1.21:
    resolution: {integrity: sha512-yt4QdfpHA/rN6NoTvjS5LTiRhaw+HQTW6NDIbw+frbo/33FWAOi7Lj8EK3k8FHINbR4P5ab0bUq2lQMKVBZlvQ==}
    dependencies:
      '@3-/intbin': 0.1.2
      '@3-/lang': 0.1.10
      '@3-/nt': 0.1.2
      '@3-/redis': 0.1.5
      '@3-/snake': 0.0.2
      '@3-/u8': 0.1.1
      '@3-/utf8': 0.0.3
      '@3-/write': 0.0.1
    transitivePeerDependencies:
      - supports-color
    dev: false

  /@3-/i18n@0.1.3:
    resolution: {integrity: sha512-Xfi6G1osjBG/VE2rJ6FUekuXWtDgQlBekn4d05WG+ob9Z0tY+ObqJZGtA8A0OCc6oSWXgh/Za2Y8rEf8O+Mqyw==}
    hasBin: true
    dependencies:
      '@3-/bar': 0.0.1
      '@3-/binmap': 0.0.1
      '@3-/cache': 0.0.3
      '@3-/cache_map': 0.0.1
      '@3-/ext': 0.0.1
      '@3-/is-change': 0.1.2
      '@3-/lang': 0.1.10
      '@3-/nt': 0.1.2
      '@3-/pool': 0.0.3
      '@3-/tran': 0.0.6
      '@3-/tran_md': 0.0.15
      '@3-/tranvar': 0.0.8
      '@3-/u8': 0.1.1
      '@3-/utf8': 0.0.3
      '@3-/walk': 0.0.1
      '@3-/write': 0.0.1
      '@3-/xxhash3': 0.0.2
      yargs: 17.7.2
    transitivePeerDependencies:
      - supports-color
    dev: false

  /@3-/intbin@0.1.2:
    resolution: {integrity: sha512-c3VC9WxDtL4HnV8GyqUUUWwSxqbHbW8FXQqOZF5PD5gNynv6YshAk5PP1GY9uKR+vpGtKxeS8uzABp/GhrvYdQ==}
    dev: false

  /@3-/is-change@0.1.2:
    resolution: {integrity: sha512-Uto74Jd7aqtaID86VDfm3S5HTc0Njz38B+vH3BuceSO8+EN6uBGL2g9rsUj6G9Px1/4XhpU9AoKzOkUqqzlgQA==}
    dependencies:
      '@3-/binmap': 0.0.1
      '@3-/cache': 0.0.3
      '@3-/u8': 0.1.1
      '@3-/vbyte': 0.0.2
      '@3-/write': 0.0.1
      '@3-/xxhash3': 0.0.2
    dev: false

  /@3-/j2f@0.0.1:
    resolution: {integrity: sha512-wtL0NCrvfJVgI/o207KZnNA3m8DKa7PPb3yA1qIweaWEljO4v+kPMeeafM5AB8Y8m/+1LfhfbH8N1paDS9UYqA==}
    dependencies:
      opencc-js: 1.0.5
    dev: false

  /@3-/jsext@0.0.1:
    resolution: {integrity: sha512-Cnxt1mSfc1d3v823ibxJfO7w2OOoa9i4KT1xnMIbUCYY/xtpkK62R4hOg5uTmzGL+2EtgTQqDKE2+mRBDx5S/g==}
    dev: false

  /@3-/jsext@0.0.5:
    resolution: {integrity: sha512-CiMtSdo06CXvpDKCAfPUU7AfEHjirw9A3Zvyq7jwEBxnpwsvII4heJFXjW1CWcs9BFX89eTI085IYCoV3OiEMw==}
    dev: false

  /@3-/jsmap@0.0.4:
    resolution: {integrity: sha512-Cn3oj6efLL5HVkrffnNHN0L/xxJw59n5Hx3XPhXtKYJLqqtrYTNznWnLJ8lWsCRurPeKTuthK99QKpfT069XXA==}
    dev: false

  /@3-/lang@0.0.3:
    resolution: {integrity: sha512-DsmPheFqCth8syLUqRMQEHF1YRS5PuwIW4WxSnx8q9HimaKk1qeI2yWiqwIC6+fkrQ9lpTdYI7HEVkw4W21K7Q==}
    dependencies:
      '@3-/uridir': 0.0.2
    dev: false

  /@3-/lang@0.1.10:
    resolution: {integrity: sha512-4uALbI4l8XXnFKXCNTna8UJjdDrHv/SKaJvvrY/nuSQYQZfRUQqbdz7jSs/w924rARRY043Lts2RlRlugg7hvw==}
    dependencies:
      '@3-/pair': 0.0.2
      '@3-/uridir': 0.0.2
    dev: false

  /@3-/loader@0.0.2:
    resolution: {integrity: sha512-BqcAVmlyKSU0CazHo3Zy1wryOL7YdowEIsqaUyhhwejcBhluuvFM3ugzW+kuF0LQoDU0B+F9g76+9wHxTKw2Mw==}
    dependencies:
      '@3-/coffee_plus': 0.0.3
      '@3-/jsext': 0.0.1
      coffeescript: 2.7.0
    dev: false

  /@3-/mark@0.0.3:
    resolution: {integrity: sha512-xyReiJbPLVLOiyY/d0hYDdw1F7F0rnmZep0FxgiW1/0emS/ayzbOJ/AZPx3zICHCR0p3q7cic2XbHQu7bAWHYQ==}
    dependencies:
      micromark: 4.0.0
      micromark-extension-gfm-footnote: 2.0.0
    transitivePeerDependencies:
      - supports-color
    dev: false

  /@3-/msgpack@0.0.2:
    resolution: {integrity: sha512-k/Tixg3lkN4bwGnJAckdA5rpBLwmn8x9zR2XQNAN55kX7H+aNyGe3pI9WS3Vkc9olFdZbInlzXYjtKol7eETwg==}
    dependencies:
      msgpackr: 1.10.0
    dev: false

  /@3-/nt@0.1.2:
    resolution: {integrity: sha512-kfFAohm5nSLHpQOJxSLbjwhAoWPKArrItjPigzJWh+HOgTFhv2T4BWRpWgPSiS9jfe2HM7xbCZsZIp8v4s14oQ==}
    dependencies:
      '@3-/read': 0.0.1
      '@3-/write': 0.0.1
    dev: false

  /@3-/on@0.0.1:
    resolution: {integrity: sha512-E3zQvp8z4xxFlk2ZJ7dLS9j+gQ0/+ZyaZ34BFl2HYG2NLRuOj55CorMj95aLXWaUyi6VsGKUIDlbJ3et7/VWCA==}
    dev: false

  /@3-/pair@0.0.2:
    resolution: {integrity: sha512-MyGSf0EstwsH9ERb6qHTOwyvPqQ696609WYuZQbLWDzEoug6uca0xo9vQd4ajqAy/jqbs9MveAF/SmJzWaapAQ==}
    dev: false

  /@3-/pool@0.0.3:
    resolution: {integrity: sha512-RBaGAC/fUWAlt52mk54x/ky0sIHVBMKIPeCdwGTwwZ5T2d+0oLf7u4sPsMuPdP1qeRx4BvrFBsL/WEut9cEPiw==}
    dev: false

  /@3-/proto@2.0.34:
    resolution: {integrity: sha512-hkkRHHJrfztpP/zFZFiibNNlH1eGrLQwo/OjNIUP9+Z0PrkWWB0URSUIO6BMXPtFtyS4eT3f6m07kJiCiyyRlg==}
    dependencies:
      '@3-/utf8': 0.0.3
      nanoassert: 2.0.0
    dev: false

  /@3-/read@0.0.1:
    resolution: {integrity: sha512-yTSQz6SC8yeFIAzXpTQmqQrJvlW5LG9+t1xy0QuWp8oG3uhxpXs+8M7dRcqFQz+bWdCc33gzcnCWJe12Hx3eQg==}
    dev: false

  /@3-/redis@0.1.5:
    resolution: {integrity: sha512-/smXWBvwe3pWQSCk8xu2u6YfxGkDqrw5bz9B7bs/c/lKxQhuqtqhY13yigMLXmqK3TV5nKlUUXKde+V7B21dkg==}
    dependencies:
      '@3-/split': 0.1.1
      ioredis: 5.3.2
    transitivePeerDependencies:
      - supports-color
    dev: false

  /@3-/replace_n@0.0.1:
    resolution: {integrity: sha512-tURwD63FLsQtzQh3ebA2k4nFjXmCf/cGentUu6Zp/Tix2cT+a7YNX4reLowhepMbxi06tzs5VUNuEGkyxKcIUQ==}
    dev: false

  /@3-/req@0.0.1:
    resolution: {integrity: sha512-mRtlLkB12CpvxdVWXRpmzskM7jtbETC0YeOftonJ//RjDGS7ykH0wywvhB5KWrJ/zkSKcqCeUEP5iUSN5+6jTA==}
    dependencies:
      '@3-/retry': 0.0.1
      https-proxy-agent: 7.0.2
      msgpackr: 1.10.0
      node-fetch: 3.3.2
    transitivePeerDependencies:
      - supports-color
    dev: false

  /@3-/retry@0.0.1:
    resolution: {integrity: sha512-XB/6DNobSb/ZEeWyHqMGyHUHRTOjXCEIXLaWqdojlHJuiScnK7gkXYzuM1bU0t9AFl4ejl/COdo7ekKtyDtPLQ==}
    dependencies:
      '@3-/caller_line': 0.0.1
      '@3-/sleep': 0.0.3
    dev: false

  /@3-/sleep@0.0.3:
    resolution: {integrity: sha512-QcbMvCjN1iylVzOv8VGuAwHKFtRxbNmAenYc9OfvxA/Dl9vyBoSGO3bRovLkYL2jm4lx/R33SPJ8f6JwpKbC+w==}
    dev: false

  /@3-/snake@0.0.2:
    resolution: {integrity: sha512-k6P7l8QyMcs8vg93syHsuFDOk2ttEHQseOtZX1KBroCdAhcyEVDtMk7gTeGzB9VJGFMmHm9hDlVaZT+N9f3kTQ==}
    dev: false

  /@3-/split@0.1.1:
    resolution: {integrity: sha512-LnuvzBdAvZj0SFN+92p+d6diYBjxT5NyVN4ngnNcsxoVyPjc75e4Ns/F/xQ/cnkGMmfB65ldxkvLjOXqQd0X7A==}
    dev: false

  /@3-/title-case@0.0.1:
    resolution: {integrity: sha512-TKXeYtfnbFR6NFBuvTyywgLtfJYcI3NtOwOPyyUdmVZuriWka8cBgMViMTH0p+ae0W+rg9tVpXuBASsU7IIC9g==}
    dev: false

  /@3-/tran@0.0.6:
    resolution: {integrity: sha512-i2mH0d80dIWjtS2L//ooI2ByRE+5EDUsc5tKPg6411qO4hGg8zAirjULKYGKhLOqFyNf3LMH6D+6Q0XVQGOIag==}
    dependencies:
      '@3-/j2f': 0.0.1
      '@3-/req': 0.0.1
      '@3-/utf8': 0.0.3
      '@3-/xxhash3': 0.0.2
      '@5-/tran': 0.0.2
    transitivePeerDependencies:
      - supports-color
    dev: false

  /@3-/tran_md@0.0.15:
    resolution: {integrity: sha512-Gb2Hd0T5pfeyOnCcXCCB7KU7zyeiK107qasr369EbE6gwyjtIXGxtAvbPkaqGAcxHni1DBYnnjySSMYLCqzg3A==}
    dependencies:
      '@3-/cache_map': 0.0.1
      '@3-/comment': 0.0.1
      '@3-/htm2md': 0.0.1
      '@3-/read': 0.0.1
      '@3-/replace_n': 0.0.1
      '@3-/title-case': 0.0.1
      '@3-/tran': 0.0.6
      '@3-/tranvar': 0.0.7
      '@3-/utf8': 0.0.3
    transitivePeerDependencies:
      - supports-color
    dev: false

  /@3-/tranvar@0.0.7:
    resolution: {integrity: sha512-kSKArcU/EUjXhi29jzDySvc+SaK7okqqpn2fJzcmYt6AAM6THaGxY2MJAUo4r9sXztnF/X33r+F2DpuU3dYdHA==}
    dependencies:
      '@3-/htm2md': 0.0.1
      '@3-/lang': 0.0.3
      '@3-/mark': 0.0.3
    transitivePeerDependencies:
      - supports-color
    dev: false

  /@3-/tranvar@0.0.8:
    resolution: {integrity: sha512-cv9bfQxl2hGlhGlWHSoEydUtPhsQK5Ek9wIdBzUH75PtReFVFKMLrwtTBAYypAj3IFuINlS498kJjPFT2uV4MA==}
    dependencies:
      '@3-/htm2md': 0.0.1
      '@3-/lang': 0.1.10
      '@3-/mark': 0.0.3
    transitivePeerDependencies:
      - supports-color
    dev: false

  /@3-/u8@0.1.1:
    resolution: {integrity: sha512-QtYx+bnacu0LlUcy40PaJG1ImQJh3kO75Fg2gDKnrzv7EmKKPDS2ZBhhmvGnV82PzmZDkCmyKOSC6Q59I4kxMA==}
    dev: false

  /@3-/uridir@0.0.2:
    resolution: {integrity: sha512-/3f/ja84V4dI3qmLWww0X7yuVZqO76oNpl2NFW5MIpyjhs35t16I9nv4Rp1blFBEQxdnY+y+uLT9tyNYvE/f8A==}
    dev: false

  /@3-/utf8@0.0.3:
    resolution: {integrity: sha512-BLqh1MiPrtPLqtD6h7c1wXrsO1kw7Zp1AJcKkac2q4UZ/JPtayOqYXJvDM3oeTAbOtOZgMm4TnbOR5V8myXpBg==}
    dev: false

  /@3-/vbyte@0.0.2:
    resolution: {integrity: sha512-2Bvp6vSubNB1UZQdy8autgMKtwC5WrYRM0DknCvG7E2qfsphtF9JJePs2+lJ02RxCMqqBXInJVLl2IokBtCWVw==}
    dev: false

  /@3-/walk@0.0.1:
    resolution: {integrity: sha512-YIhBR+fAei413SfXY1m3z8SIg8zi4qFRPLEh2a9o2uVUZRUXTvC+QqolZhCuPOXYUb2jcby0qTAGb6IfbptFjQ==}
    dev: false

  /@3-/write@0.0.1:
    resolution: {integrity: sha512-EvXAzDdmAynZyNJyMD5l90RfKhxYglJMJ5tXx3rj9VCUrFNhZnlRTIOJrteMtgtFsfTLf2hUrbh7TtPBnjgpLg==}
    dev: false

  /@3-/xxhash3@0.0.2:
    resolution: {integrity: sha512-owupjee9cwqcBL+JARB6enOOebc2UJ5pA3eDo/yN/mX0KUtcir9aP7zyQxv6iUlV9D3przScg9AD7q0xOjuA8g==}
    dev: false

  /@5-/tran@0.0.2:
    resolution: {integrity: sha512-45ncHPeNA6wXLoketD/aGdqw0Hgu5P+dkXVQEHBzGYkbOI/pCtzvdXnueAXy05HZhtQOJRpziEeotfjSfcLnHg==}
    dependencies:
      '@3-/proto': 2.0.34
    dev: false

  /@ioredis/commands@1.2.0:
    resolution: {integrity: sha512-Sx1pU8EM64o2BrqNpEO1CNLtKQwyhuXuqyfH7oGKCk+1a33d2r5saW8zNwm3j6BTExtjrv2BxTgzzkMwts6vGg==}
    dev: false

  /@ltd/j-toml@1.38.0:
    resolution: {integrity: sha512-lYtBcmvHustHQtg4X7TXUu1Xa/tbLC3p2wLvgQI+fWVySguVZJF60Snxijw5EiohumxZbR10kWYFFebh1zotiw==}
    dev: false

  /@msgpackr-extract/msgpackr-extract-darwin-arm64@3.0.2:
    resolution: {integrity: sha512-9bfjwDxIDWmmOKusUcqdS4Rw+SETlp9Dy39Xui9BEGEk19dDwH0jhipwFzEff/pFg95NKymc6TOTbRKcWeRqyQ==}
    cpu: [arm64]
    os: [darwin]
    requiresBuild: true
    dev: false
    optional: true

  /@msgpackr-extract/msgpackr-extract-darwin-x64@3.0.2:
    resolution: {integrity: sha512-lwriRAHm1Yg4iDf23Oxm9n/t5Zpw1lVnxYU3HnJPTi2lJRkKTrps1KVgvL6m7WvmhYVt/FIsssWay+k45QHeuw==}
    cpu: [x64]
    os: [darwin]
    requiresBuild: true
    dev: false
    optional: true

  /@msgpackr-extract/msgpackr-extract-linux-arm64@3.0.2:
    resolution: {integrity: sha512-FU20Bo66/f7He9Fp9sP2zaJ1Q8L9uLPZQDub/WlUip78JlPeMbVL8546HbZfcW9LNciEXc8d+tThSJjSC+tmsg==}
    cpu: [arm64]
    os: [linux]
    requiresBuild: true
    dev: false
    optional: true

  /@msgpackr-extract/msgpackr-extract-linux-arm@3.0.2:
    resolution: {integrity: sha512-MOI9Dlfrpi2Cuc7i5dXdxPbFIgbDBGgKR5F2yWEa6FVEtSWncfVNKW5AKjImAQ6CZlBK9tympdsZJ2xThBiWWA==}
    cpu: [arm]
    os: [linux]
    requiresBuild: true
    dev: false
    optional: true

  /@msgpackr-extract/msgpackr-extract-linux-x64@3.0.2:
    resolution: {integrity: sha512-gsWNDCklNy7Ajk0vBBf9jEx04RUxuDQfBse918Ww+Qb9HCPoGzS+XJTLe96iN3BVK7grnLiYghP/M4L8VsaHeA==}
    cpu: [x64]
    os: [linux]
    requiresBuild: true
    dev: false
    optional: true

  /@msgpackr-extract/msgpackr-extract-win32-x64@3.0.2:
    resolution: {integrity: sha512-O+6Gs8UeDbyFpbSh2CPEz/UOrrdWPTBYNblZK5CxxLisYt4kGX3Sc+czffFonyjiGSq3jWLwJS/CCJc7tBr4sQ==}
    cpu: [x64]
    os: [win32]
    requiresBuild: true
    dev: false
    optional: true

  /@nodelib/fs.scandir@2.1.5:
    resolution: {integrity: sha512-vq24Bq3ym5HEQm2NKCr3yXDwjc7vTsEThRDnkp2DK9p1uqLR+DHurm/NOTo0KG7HYHU7eppKZj3MyqYuMBf62g==}
    engines: {node: '>= 8'}
    dependencies:
      '@nodelib/fs.stat': 2.0.5
      run-parallel: 1.2.0
    dev: false

  /@nodelib/fs.stat@2.0.5:
    resolution: {integrity: sha512-RkhPPp2zrqDAQA/2jNhnztcPAlv64XdhIp7a7454A5ovI7Bukxgt7MX7udwAu3zg1DcpPU0rz3VV1SeaqvY4+A==}
    engines: {node: '>= 8'}
    dev: false

  /@nodelib/fs.walk@1.2.8:
    resolution: {integrity: sha512-oGB+UxlgWcgQkgwo8GcEGwemoTFt3FIO9ababBmaGwXIoBKZ+GTy0pP185beGg7Llih/NSHSV2XAs1lnznocSg==}
    engines: {node: '>= 8'}
    dependencies:
      '@nodelib/fs.scandir': 2.1.5
      fastq: 1.16.0
    dev: false

  /@types/debug@4.1.12:
    resolution: {integrity: sha512-vIChWdVG3LG1SMxEvI/AK+FWJthlrqlTu7fbrlywTkkaONwk/UAGaULXRlf8vkzFBLVm0zkMdCquhL5aOjhXPQ==}
    dependencies:
      '@types/ms': 0.7.34
    dev: false

  /@types/fs-extra@11.0.4:
    resolution: {integrity: sha512-yTbItCNreRooED33qjunPthRcSjERP1r4MqCZc7wv0u2sUkzTFp45tgUfS5+r7FrZPdmCCNflLhVSP/o+SemsQ==}
    dependencies:
      '@types/jsonfile': 6.1.4
      '@types/node': 18.19.3
    dev: false

  /@types/jsonfile@6.1.4:
    resolution: {integrity: sha512-D5qGUYwjvnNNextdU59/+fI+spnwtTFmyQP0h+PfIOSkNfpU6AOICUOkm4i0OnSk+NyjdPJrxCDro0sJsWlRpQ==}
    dependencies:
      '@types/node': 18.19.3
    dev: false

  /@types/minimist@1.2.5:
    resolution: {integrity: sha512-hov8bUuiLiyFPGyFPE1lwWhmzYbirOXQNNo40+y3zow8aFVTeyn3VWL0VFFfdNddA8S4Vf0Tc062rzyNr7Paag==}
    dev: false

  /@types/ms@0.7.34:
    resolution: {integrity: sha512-nG96G3Wp6acyAgJqGasjODb+acrI7KltPiRxzHPXnP3NgI28bpQDRv53olbqGXbfcgF5aiiHmO3xpwEpS5Ld9g==}
    dev: false

  /@types/node@18.19.3:
    resolution: {integrity: sha512-k5fggr14DwAytoA/t8rPrIz++lXK7/DqckthCmoZOKNsEbJkId4Z//BqgApXBUGrGddrigYa1oqheo/7YmW4rg==}
    dependencies:
      undici-types: 5.26.5
    dev: false

  /@types/ps-tree@1.1.6:
    resolution: {integrity: sha512-PtrlVaOaI44/3pl3cvnlK+GxOM3re2526TJvPvh7W+keHIXdV4TE0ylpPBAcvFQCbGitaTXwL9u+RF7qtVeazQ==}
    dev: false

  /@types/which@3.0.3:
    resolution: {integrity: sha512-2C1+XoY0huExTbs8MQv1DuS5FS86+SEjdM9F/+GS61gg5Hqbtj8ZiDSx8MfWcyei907fIPbfPGCOrNUTnVHY1g==}
    dev: false

  /agent-base@7.1.0:
    resolution: {integrity: sha512-o/zjMZRhJxny7OyEF+Op8X+efiELC7k7yOjMzgfzVqOzXqkBkWI79YoTdOtsuWd5BWhAGAuOY/Xa6xpiaWXiNg==}
    engines: {node: '>= 14'}
    dependencies:
      debug: 4.3.4
    transitivePeerDependencies:
      - supports-color
    dev: false

  /ansi-regex@5.0.1:
    resolution: {integrity: sha512-quJQXlTSUGL2LH9SUXo8VwsY4soanhgo6LNSm84E1LBcE8s3O0wpdiRzyR9z/ZZJMlMWv37qOOb9pdJlMUEKFQ==}
    engines: {node: '>=8'}
    dev: false

  /ansi-styles@4.3.0:
    resolution: {integrity: sha512-zbB9rCJAT1rbjiVDb2hqKFHNYLxgtk8NURxZ3IZwD3F6NtxbXZQCnnSi1Lkx+IDohdPlFp222wVALIheZJQSEg==}
    engines: {node: '>=8'}
    dependencies:
      color-convert: 2.0.1
    dev: false

  /braces@3.0.2:
    resolution: {integrity: sha512-b8um+L1RzM3WDSzvhm6gIz1yfTbBt6YTlcEKAvsmqCZZFw46z626lVj9j1yEPW33H5H+lBQpZMP1k8l+78Ha0A==}
    engines: {node: '>=8'}
    dependencies:
      fill-range: 7.0.1
    dev: false

  /chalk@5.3.0:
    resolution: {integrity: sha512-dLitG79d+GV1Nb/VYcCDFivJeK1hiukt9QjRNVOsUtTy1rR1YJsmpGGTZ3qJos+uw7WmWF4wUwBd9jxjocFC2w==}
    engines: {node: ^12.17.0 || ^14.13 || >=16.0.0}
    dev: false

  /character-entities@2.0.2:
    resolution: {integrity: sha512-shx7oQ0Awen/BRIdkjkvz54PnEEI/EjwXDSIZp86/KKdbafHh1Df/RYGBhn4hbe2+uKC9FnT5UCEdyPz3ai9hQ==}
    dev: false

  /cliui@8.0.1:
    resolution: {integrity: sha512-BSeNnyus75C4//NQ9gQt1/csTXyo/8Sb+afLAkzAptFuMsod9HFokGNudZpi/oQV73hnVK+sR+5PVRMd+Dr7YQ==}
    engines: {node: '>=12'}
    dependencies:
      string-width: 4.2.3
      strip-ansi: 6.0.1
      wrap-ansi: 7.0.0
    dev: false

  /cluster-key-slot@1.1.2:
    resolution: {integrity: sha512-RMr0FhtfXemyinomL4hrWcYJxmX6deFdCxpJzhDttxgO1+bcCnkk+9drydLVDmAMG7NE6aN/fl4F7ucU/90gAA==}
    engines: {node: '>=0.10.0'}
    dev: false

  /coffeescript@2.7.0:
    resolution: {integrity: sha512-hzWp6TUE2d/jCcN67LrW1eh5b/rSDKQK6oD6VMLlggYVUUFexgTH9z3dNYihzX4RMhze5FTUsUmOXViJKFQR/A==}
    engines: {node: '>=6'}
    hasBin: true
    dev: false

  /color-convert@2.0.1:
    resolution: {integrity: sha512-RRECPsj7iu/xb5oKYcsFHSppFNnsj/52OVTRKb4zP5onXwVF3zVmmToNcOfGC+CRDpfK/U584fMg38ZHCaElKQ==}
    engines: {node: '>=7.0.0'}
    dependencies:
      color-name: 1.1.4
    dev: false

  /color-name@1.1.4:
    resolution: {integrity: sha512-dOy+3AuW3a2wNbZHIuMZpTcgjGuLU/uBL/ubcZF9OXbDo8ff4O8yVp5Bf0efS8uEoYo5q4Fx7dY9OgQGXgAsQA==}
    dev: false

  /data-uri-to-buffer@4.0.1:
    resolution: {integrity: sha512-0R9ikRb668HB7QDxT1vkpuUBtqc53YyAwMwGeUFKRojY/NWKvdZ+9UYtRfGmhqNbRkTSVpMbmyhXipFFv2cb/A==}
    engines: {node: '>= 12'}
    dev: false

  /debug@4.3.4:
    resolution: {integrity: sha512-PRWFHuSU3eDtQJPvnNY7Jcket1j0t5OuOsFzPPzsekD52Zl8qUfFIPEiswXqIvHWGVHOgX+7G/vCNNhehwxfkQ==}
    engines: {node: '>=6.0'}
    peerDependencies:
      supports-color: '*'
    peerDependenciesMeta:
      supports-color:
        optional: true
    dependencies:
      ms: 2.1.2
    dev: false

  /decode-named-character-reference@1.0.2:
    resolution: {integrity: sha512-O8x12RzrUF8xyVcY0KJowWsmaJxQbmy0/EtnNtHRpsOcT7dFk5W598coHqBVpmWo1oQQfsCqfCmkZN5DJrZVdg==}
    dependencies:
      character-entities: 2.0.2
    dev: false

  /denque@2.1.0:
    resolution: {integrity: sha512-HVQE3AAb/pxF8fQAoiqpvg9i3evqug3hoiwakOyZAwJm+6vZehbkYXZ0l4JxS+I3QxM97v5aaRNhj8v5oBhekw==}
    engines: {node: '>=0.10'}
    dev: false

  /dequal@2.0.3:
    resolution: {integrity: sha512-0je+qPKHEMohvfRTCEo3CrPG6cAzAYgmzKyxRiYSSDkS6eGJdyVJm7WaYA5ECaAD9wLB2T4EEeymA5aFVcYXCA==}
    engines: {node: '>=6'}
    dev: false

  /devlop@1.1.0:
    resolution: {integrity: sha512-RWmIqhcFf1lRYBvNmr7qTNuyCt/7/ns2jbpp1+PalgE/rDQcBT0fioSMUpJ93irlUhC5hrg4cYqe6U+0ImW0rA==}
    dependencies:
      dequal: 2.0.3
    dev: false

  /dir-glob@3.0.1:
    resolution: {integrity: sha512-WkrWp9GR4KXfKGYzOLmTuGVi1UWFfws377n9cc55/tb6DuqyF6pcQ5AbiHEshaDpY9v6oaSr2XCDidGmMwdzIA==}
    engines: {node: '>=8'}
    dependencies:
      path-type: 4.0.0
    dev: false

  /duplexer@0.1.2:
    resolution: {integrity: sha512-jtD6YG370ZCIi/9GTaJKQxWTZD045+4R4hTk/x1UyoqadyJ9x9CgSi1RlVDQF8U2sxLLSnFkCaMihqljHIWgMg==}
    dev: false

  /emoji-regex@8.0.0:
    resolution: {integrity: sha512-MSjYzcWNOA0ewAHpz0MxpYFvwg6yjy1NG3xteoqz644VCo/RPgnr1/GGt+ic3iJTzQ8Eu3TdM14SawnVUmGE6A==}
    dev: false

  /escalade@3.1.1:
    resolution: {integrity: sha512-k0er2gUkLf8O0zKJiAhmkTnJlTvINGv7ygDNPbeIsX/TJjGJZHuh9B2UxbsaEkmlEo9MfhrSzmhIlhRlI2GXnw==}
    engines: {node: '>=6'}
    dev: false

  /event-stream@3.3.4:
    resolution: {integrity: sha512-QHpkERcGsR0T7Qm3HNJSyXKEEj8AHNxkY3PK8TS2KJvQ7NiSHe3DDpwVKKtoYprL/AreyzFBeIkBIWChAqn60g==}
    dependencies:
      duplexer: 0.1.2
      from: 0.1.7
      map-stream: 0.1.0
      pause-stream: 0.0.11
      split: 0.3.3
      stream-combiner: 0.0.4
      through: 2.3.8
    dev: false

  /fast-glob@3.3.2:
    resolution: {integrity: sha512-oX2ruAFQwf/Orj8m737Y5adxDQO0LAB7/S5MnxCdTNDd4p6BsyIVsv9JQsATbTSq8KHRpLwIHbVlUNatxd+1Ow==}
    engines: {node: '>=8.6.0'}
    dependencies:
      '@nodelib/fs.stat': 2.0.5
      '@nodelib/fs.walk': 1.2.8
      glob-parent: 5.1.2
      merge2: 1.4.1
      micromatch: 4.0.5
    dev: false

  /fastq@1.16.0:
    resolution: {integrity: sha512-ifCoaXsDrsdkWTtiNJX5uzHDsrck5TzfKKDcuFFTIrrc/BS076qgEIfoIy1VeZqViznfKiysPYTh/QeHtnIsYA==}
    dependencies:
      reusify: 1.0.4
    dev: false

  /fetch-blob@3.2.0:
    resolution: {integrity: sha512-7yAQpD2UMJzLi1Dqv7qFYnPbaPx7ZfFK6PiIxQ4PfkGPyNyl2Ugx+a/umUonmKqjhM4DnfbMvdX6otXq83soQQ==}
    engines: {node: ^12.20 || >= 14.13}
    dependencies:
      node-domexception: 1.0.0
      web-streams-polyfill: 3.2.1
    dev: false

  /fill-range@7.0.1:
    resolution: {integrity: sha512-qOo9F+dMUmC2Lcb4BbVvnKJxTPjCm+RRpe4gDuGrzkL7mEVl/djYSu2OdQ2Pa302N4oqkSg9ir6jaLWJ2USVpQ==}
    engines: {node: '>=8'}
    dependencies:
      to-regex-range: 5.0.1
    dev: false

  /formdata-polyfill@4.0.10:
    resolution: {integrity: sha512-buewHzMvYL29jdeQTVILecSaZKnt/RJWjoZCF5OW60Z67/GmSLBkOFM7qh1PI3zFNtJbaZL5eQu1vLfazOwj4g==}
    engines: {node: '>=12.20.0'}
    dependencies:
      fetch-blob: 3.2.0
    dev: false

  /from@0.1.7:
    resolution: {integrity: sha512-twe20eF1OxVxp/ML/kq2p1uc6KvFK/+vs8WjEbeKmV2He22MKm7YF2ANIt+EOqhJ5L3K/SuuPhk0hWQDjOM23g==}
    dev: false

  /fs-extra@11.2.0:
    resolution: {integrity: sha512-PmDi3uwK5nFuXh7XDTlVnS17xJS7vW36is2+w3xcv8SVxiB4NyATf4ctkVY5bkSjX0Y4nbvZCq1/EjtEyr9ktw==}
    engines: {node: '>=14.14'}
    dependencies:
      graceful-fs: 4.2.11
      jsonfile: 6.1.0
      universalify: 2.0.1
    dev: false

  /fx@31.0.0:
    resolution: {integrity: sha512-OoeYSPKqNKmfnH4s+rGYI0c8OZmqqOOXsUtqy0YyHqQQoQSDiDs3m3M9uXKx5OQR+jDx7/FhYqpO3kl/As/xgg==}
    hasBin: true
    dev: false

  /get-caller-file@2.0.5:
    resolution: {integrity: sha512-DyFP3BM/3YHTQOCUL/w0OZHR0lpKeGrxotcHWcqNEdnltqFwXVfhEBQ94eIo34AfQpo0rGki4cyIiftY06h2Fg==}
    engines: {node: 6.* || 8.* || >= 10.*}
    dev: false

  /glob-parent@5.1.2:
    resolution: {integrity: sha512-AOIgSQCepiJYwP3ARnGx+5VnTu2HBYdzbGP45eLw1vr3zB3vZLeyed1sC9hnbcOc9/SrMyM5RPQrkGz4aS9Zow==}
    engines: {node: '>= 6'}
    dependencies:
      is-glob: 4.0.3
    dev: false

  /globby@13.2.2:
    resolution: {integrity: sha512-Y1zNGV+pzQdh7H39l9zgB4PJqjRNqydvdYCDG4HFXM4XuvSaQQlEc91IU1yALL8gUTDomgBAfz3XJdmUS+oo0w==}
    engines: {node: ^12.20.0 || ^14.13.1 || >=16.0.0}
    dependencies:
      dir-glob: 3.0.1
      fast-glob: 3.3.2
      ignore: 5.3.0
      merge2: 1.4.1
      slash: 4.0.0
    dev: false

  /graceful-fs@4.2.11:
    resolution: {integrity: sha512-RbJ5/jmFcNNCcDV5o9eTnBLJ/HszWV0P73bc+Ff4nS/rJj+YaS6IGyiOL0VoBYX+l1Wrl3k63h/KrH+nhJ0XvQ==}
    dev: false

  /https-proxy-agent@7.0.2:
    resolution: {integrity: sha512-NmLNjm6ucYwtcUmL7JQC1ZQ57LmHP4lT15FQ8D61nak1rO6DH+fz5qNK2Ap5UN4ZapYICE3/0KodcLYSPsPbaA==}
    engines: {node: '>= 14'}
    dependencies:
      agent-base: 7.1.0
      debug: 4.3.4
    transitivePeerDependencies:
      - supports-color
    dev: false

  /ignore@5.3.0:
    resolution: {integrity: sha512-g7dmpshy+gD7mh88OC9NwSGTKoc3kyLAZQRU1mt53Aw/vnvfXnbC+F/7F7QoYVKbV+KNvJx8wArewKy1vXMtlg==}
    engines: {node: '>= 4'}
    dev: false

  /ioredis@5.3.2:
    resolution: {integrity: sha512-1DKMMzlIHM02eBBVOFQ1+AolGjs6+xEcM4PDL7NqOS6szq7H9jSaEkIUH6/a5Hl241LzW6JLSiAbNvTQjUupUA==}
    engines: {node: '>=12.22.0'}
    dependencies:
      '@ioredis/commands': 1.2.0
      cluster-key-slot: 1.1.2
      debug: 4.3.4
      denque: 2.1.0
      lodash.defaults: 4.2.0
      lodash.isarguments: 3.1.0
      redis-errors: 1.2.0
      redis-parser: 3.0.0
      standard-as-callback: 2.1.0
    transitivePeerDependencies:
      - supports-color
    dev: false

  /is-extglob@2.1.1:
    resolution: {integrity: sha512-SbKbANkN603Vi4jEZv49LeVJMn4yGwsbzZworEoyEiutsN3nJYdbO36zfhGJ6QEDpOZIFkDtnq5JRxmvl3jsoQ==}
    engines: {node: '>=0.10.0'}
    dev: false

  /is-fullwidth-code-point@3.0.0:
    resolution: {integrity: sha512-zymm5+u+sCsSWyD9qNaejV3DFvhCKclKdizYaJUuHA83RLjb7nSuGnddCHGv0hk+KY7BMAlsWeK4Ueg6EV6XQg==}
    engines: {node: '>=8'}
    dev: false

  /is-glob@4.0.3:
    resolution: {integrity: sha512-xelSayHH36ZgE7ZWhli7pW34hNbNl8Ojv5KVmkJD4hBdD3th8Tfk9vYasLM+mXWOZhFkgZfxhLSnrwRr4elSSg==}
    engines: {node: '>=0.10.0'}
    dependencies:
      is-extglob: 2.1.1
    dev: false

  /is-number@7.0.0:
    resolution: {integrity: sha512-41Cifkg6e8TylSpdtTpeLVMqvSBEVzTttHvERD741+pnZ8ANv0004MRL43QKPDlK9cGvNp6NZWZUBlbGXYxxng==}
    engines: {node: '>=0.12.0'}
    dev: false

  /isexe@2.0.0:
    resolution: {integrity: sha512-RHxMLp9lnKHGHRng9QFhRCMbYAcVpn69smSGcq3f36xjgVVWThj4qqLbTLlq7Ssj8B+fIQ1EuCEGI2lKsyQeIw==}
    dev: false

  /jsonfile@6.1.0:
    resolution: {integrity: sha512-5dgndWOriYSm5cnYaJNhalLNDKOqFwyDB/rr1E9ZsGciGvKPs8R2xYGCacuf3z6K1YKDz182fd+fY3cn3pMqXQ==}
    dependencies:
      universalify: 2.0.1
    optionalDependencies:
      graceful-fs: 4.2.11
    dev: false

  /lodash-es@4.17.21:
    resolution: {integrity: sha512-mKnC+QJ9pWVzv+C4/U3rRsHapFfHvQFoFB92e52xeyGMcX6/OlIl78je1u8vePzYZSkkogMPJ2yjxxsb89cxyw==}
    dev: false

  /lodash.defaults@4.2.0:
    resolution: {integrity: sha512-qjxPLHd3r5DnsdGacqOMU6pb/avJzdh9tFX2ymgoZE27BmjXrNy/y4LoaiTeAb+O3gL8AfpJGtqfX/ae2leYYQ==}
    dev: false

  /lodash.isarguments@3.1.0:
    resolution: {integrity: sha512-chi4NHZlZqZD18a0imDHnZPrDeBbTtVN7GXMwuGdRH9qotxAjYs3aVLKc7zNOG9eddR5Ksd8rvFEBc9SsggPpg==}
    dev: false

  /map-stream@0.1.0:
    resolution: {integrity: sha512-CkYQrPYZfWnu/DAmVCpTSX/xHpKZ80eKh2lAkyA6AJTef6bW+6JpbQZN5rofum7da+SyN1bi5ctTm+lTfcCW3g==}
    dev: false

  /merge2@1.4.1:
    resolution: {integrity: sha512-8q7VEgMJW4J8tcfVPy8g09NcQwZdbwFEqhe/WZkoIzjn/3TGDwtOCYtXGxA3O8tPzpczCCDgv+P2P5y00ZJOOg==}
    engines: {node: '>= 8'}
    dev: false

  /micromark-core-commonmark@2.0.0:
    resolution: {integrity: sha512-jThOz/pVmAYUtkroV3D5c1osFXAMv9e0ypGDOIZuCeAe91/sD6BoE2Sjzt30yuXtwOYUmySOhMas/PVyh02itA==}
    dependencies:
      decode-named-character-reference: 1.0.2
      devlop: 1.1.0
      micromark-factory-destination: 2.0.0
      micromark-factory-label: 2.0.0
      micromark-factory-space: 2.0.0
      micromark-factory-title: 2.0.0
      micromark-factory-whitespace: 2.0.0
      micromark-util-character: 2.0.1
      micromark-util-chunked: 2.0.0
      micromark-util-classify-character: 2.0.0
      micromark-util-html-tag-name: 2.0.0
      micromark-util-normalize-identifier: 2.0.0
      micromark-util-resolve-all: 2.0.0
      micromark-util-subtokenize: 2.0.0
      micromark-util-symbol: 2.0.0
      micromark-util-types: 2.0.0
    dev: false

  /micromark-extension-gfm-footnote@2.0.0:
    resolution: {integrity: sha512-6Rzu0CYRKDv3BfLAUnZsSlzx3ak6HAoI85KTiijuKIz5UxZxbUI+pD6oHgw+6UtQuiRwnGRhzMmPRv4smcz0fg==}
    dependencies:
      devlop: 1.1.0
      micromark-core-commonmark: 2.0.0
      micromark-factory-space: 2.0.0
      micromark-util-character: 2.0.1
      micromark-util-normalize-identifier: 2.0.0
      micromark-util-sanitize-uri: 2.0.0
      micromark-util-symbol: 2.0.0
      micromark-util-types: 2.0.0
    dev: false

  /micromark-factory-destination@2.0.0:
    resolution: {integrity: sha512-j9DGrQLm/Uhl2tCzcbLhy5kXsgkHUrjJHg4fFAeoMRwJmJerT9aw4FEhIbZStWN8A3qMwOp1uzHr4UL8AInxtA==}
    dependencies:
      micromark-util-character: 2.0.1
      micromark-util-symbol: 2.0.0
      micromark-util-types: 2.0.0
    dev: false

  /micromark-factory-label@2.0.0:
    resolution: {integrity: sha512-RR3i96ohZGde//4WSe/dJsxOX6vxIg9TimLAS3i4EhBAFx8Sm5SmqVfR8E87DPSR31nEAjZfbt91OMZWcNgdZw==}
    dependencies:
      devlop: 1.1.0
      micromark-util-character: 2.0.1
      micromark-util-symbol: 2.0.0
      micromark-util-types: 2.0.0
    dev: false

  /micromark-factory-space@2.0.0:
    resolution: {integrity: sha512-TKr+LIDX2pkBJXFLzpyPyljzYK3MtmllMUMODTQJIUfDGncESaqB90db9IAUcz4AZAJFdd8U9zOp9ty1458rxg==}
    dependencies:
      micromark-util-character: 2.0.1
      micromark-util-types: 2.0.0
    dev: false

  /micromark-factory-title@2.0.0:
    resolution: {integrity: sha512-jY8CSxmpWLOxS+t8W+FG3Xigc0RDQA9bKMY/EwILvsesiRniiVMejYTE4wumNc2f4UbAa4WsHqe3J1QS1sli+A==}
    dependencies:
      micromark-factory-space: 2.0.0
      micromark-util-character: 2.0.1
      micromark-util-symbol: 2.0.0
      micromark-util-types: 2.0.0
    dev: false

  /micromark-factory-whitespace@2.0.0:
    resolution: {integrity: sha512-28kbwaBjc5yAI1XadbdPYHX/eDnqaUFVikLwrO7FDnKG7lpgxnvk/XGRhX/PN0mOZ+dBSZ+LgunHS+6tYQAzhA==}
    dependencies:
      micromark-factory-space: 2.0.0
      micromark-util-character: 2.0.1
      micromark-util-symbol: 2.0.0
      micromark-util-types: 2.0.0
    dev: false

  /micromark-util-character@2.0.1:
    resolution: {integrity: sha512-3wgnrmEAJ4T+mGXAUfMvMAbxU9RDG43XmGce4j6CwPtVxB3vfwXSZ6KhFwDzZ3mZHhmPimMAXg71veiBGzeAZw==}
    dependencies:
      micromark-util-symbol: 2.0.0
      micromark-util-types: 2.0.0
    dev: false

  /micromark-util-chunked@2.0.0:
    resolution: {integrity: sha512-anK8SWmNphkXdaKgz5hJvGa7l00qmcaUQoMYsBwDlSKFKjc6gjGXPDw3FNL3Nbwq5L8gE+RCbGqTw49FK5Qyvg==}
    dependencies:
      micromark-util-symbol: 2.0.0
    dev: false

  /micromark-util-classify-character@2.0.0:
    resolution: {integrity: sha512-S0ze2R9GH+fu41FA7pbSqNWObo/kzwf8rN/+IGlW/4tC6oACOs8B++bh+i9bVyNnwCcuksbFwsBme5OCKXCwIw==}
    dependencies:
      micromark-util-character: 2.0.1
      micromark-util-symbol: 2.0.0
      micromark-util-types: 2.0.0
    dev: false

  /micromark-util-combine-extensions@2.0.0:
    resolution: {integrity: sha512-vZZio48k7ON0fVS3CUgFatWHoKbbLTK/rT7pzpJ4Bjp5JjkZeasRfrS9wsBdDJK2cJLHMckXZdzPSSr1B8a4oQ==}
    dependencies:
      micromark-util-chunked: 2.0.0
      micromark-util-types: 2.0.0
    dev: false

  /micromark-util-decode-numeric-character-reference@2.0.1:
    resolution: {integrity: sha512-bmkNc7z8Wn6kgjZmVHOX3SowGmVdhYS7yBpMnuMnPzDq/6xwVA604DuOXMZTO1lvq01g+Adfa0pE2UKGlxL1XQ==}
    dependencies:
      micromark-util-symbol: 2.0.0
    dev: false

  /micromark-util-encode@2.0.0:
    resolution: {integrity: sha512-pS+ROfCXAGLWCOc8egcBvT0kf27GoWMqtdarNfDcjb6YLuV5cM3ioG45Ys2qOVqeqSbjaKg72vU+Wby3eddPsA==}
    dev: false

  /micromark-util-html-tag-name@2.0.0:
    resolution: {integrity: sha512-xNn4Pqkj2puRhKdKTm8t1YHC/BAjx6CEwRFXntTaRf/x16aqka6ouVoutm+QdkISTlT7e2zU7U4ZdlDLJd2Mcw==}
    dev: false

  /micromark-util-normalize-identifier@2.0.0:
    resolution: {integrity: sha512-2xhYT0sfo85FMrUPtHcPo2rrp1lwbDEEzpx7jiH2xXJLqBuy4H0GgXk5ToU8IEwoROtXuL8ND0ttVa4rNqYK3w==}
    dependencies:
      micromark-util-symbol: 2.0.0
    dev: false

  /micromark-util-resolve-all@2.0.0:
    resolution: {integrity: sha512-6KU6qO7DZ7GJkaCgwBNtplXCvGkJToU86ybBAUdavvgsCiG8lSSvYxr9MhwmQ+udpzywHsl4RpGJsYWG1pDOcA==}
    dependencies:
      micromark-util-types: 2.0.0
    dev: false

  /micromark-util-sanitize-uri@2.0.0:
    resolution: {integrity: sha512-WhYv5UEcZrbAtlsnPuChHUAsu/iBPOVaEVsntLBIdpibO0ddy8OzavZz3iL2xVvBZOpolujSliP65Kq0/7KIYw==}
    dependencies:
      micromark-util-character: 2.0.1
      micromark-util-encode: 2.0.0
      micromark-util-symbol: 2.0.0
    dev: false

  /micromark-util-subtokenize@2.0.0:
    resolution: {integrity: sha512-vc93L1t+gpR3p8jxeVdaYlbV2jTYteDje19rNSS/H5dlhxUYll5Fy6vJ2cDwP8RnsXi818yGty1ayP55y3W6fg==}
    dependencies:
      devlop: 1.1.0
      micromark-util-chunked: 2.0.0
      micromark-util-symbol: 2.0.0
      micromark-util-types: 2.0.0
    dev: false

  /micromark-util-symbol@2.0.0:
    resolution: {integrity: sha512-8JZt9ElZ5kyTnO94muPxIGS8oyElRJaiJO8EzV6ZSyGQ1Is8xwl4Q45qU5UOg+bGH4AikWziz0iN4sFLWs8PGw==}
    dev: false

  /micromark-util-types@2.0.0:
    resolution: {integrity: sha512-oNh6S2WMHWRZrmutsRmDDfkzKtxF+bc2VxLC9dvtrDIRFln627VsFP6fLMgTryGDljgLPjkrzQSDcPrjPyDJ5w==}
    dev: false

  /micromark@4.0.0:
    resolution: {integrity: sha512-o/sd0nMof8kYff+TqcDx3VSrgBTcZpSvYcAHIfHhv5VAuNmisCxjhx6YmxS8PFEpb9z5WKWKPdzf0jM23ro3RQ==}
    dependencies:
      '@types/debug': 4.1.12
      debug: 4.3.4
      decode-named-character-reference: 1.0.2
      devlop: 1.1.0
      micromark-core-commonmark: 2.0.0
      micromark-factory-space: 2.0.0
      micromark-util-character: 2.0.1
      micromark-util-chunked: 2.0.0
      micromark-util-combine-extensions: 2.0.0
      micromark-util-decode-numeric-character-reference: 2.0.1
      micromark-util-encode: 2.0.0
      micromark-util-normalize-identifier: 2.0.0
      micromark-util-resolve-all: 2.0.0
      micromark-util-sanitize-uri: 2.0.0
      micromark-util-subtokenize: 2.0.0
      micromark-util-symbol: 2.0.0
      micromark-util-types: 2.0.0
    transitivePeerDependencies:
      - supports-color
    dev: false

  /micromatch@4.0.5:
    resolution: {integrity: sha512-DMy+ERcEW2q8Z2Po+WNXuw3c5YaUSFjAO5GsJqfEl7UjvtIuFKO6ZrKvcItdy98dwFI2N1tg3zNIdKaQT+aNdA==}
    engines: {node: '>=8.6'}
    dependencies:
      braces: 3.0.2
      picomatch: 2.3.1
    dev: false

  /minimist@1.2.8:
    resolution: {integrity: sha512-2yyAR8qBkN3YuheJanUpWC5U3bb5osDywNB8RzDVlDwDHbocAJveqqj1u8+SVD7jkWT4yvsHCpWqqWqAxb0zCA==}
    dev: false

  /ms@2.1.2:
    resolution: {integrity: sha512-sGkPx+VjMtmA6MX27oA4FBFELFCZZ4S4XqeGOXCv68tT+jb3vk/RyaKWP0PTKyWtmLSM0b+adUTEvbs1PEaH2w==}
    dev: false

  /msgpackr-extract@3.0.2:
    resolution: {integrity: sha512-SdzXp4kD/Qf8agZ9+iTu6eql0m3kWm1A2y1hkpTeVNENutaB0BwHlSvAIaMxwntmRUAUjon2V4L8Z/njd0Ct8A==}
    hasBin: true
    requiresBuild: true
    dependencies:
      node-gyp-build-optional-packages: 5.0.7
    optionalDependencies:
      '@msgpackr-extract/msgpackr-extract-darwin-arm64': 3.0.2
      '@msgpackr-extract/msgpackr-extract-darwin-x64': 3.0.2
      '@msgpackr-extract/msgpackr-extract-linux-arm': 3.0.2
      '@msgpackr-extract/msgpackr-extract-linux-arm64': 3.0.2
      '@msgpackr-extract/msgpackr-extract-linux-x64': 3.0.2
      '@msgpackr-extract/msgpackr-extract-win32-x64': 3.0.2
    dev: false
    optional: true

  /msgpackr@1.10.0:
    resolution: {integrity: sha512-rVQ5YAQDoZKZLX+h8tNq7FiHrPJoeGHViz3U4wIcykhAEpwF/nH2Vbk8dQxmpX5JavkI8C7pt4bnkJ02ZmRoUw==}
    optionalDependencies:
      msgpackr-extract: 3.0.2
    dev: false

  /nanoassert@2.0.0:
    resolution: {integrity: sha512-7vO7n28+aYO4J+8w96AzhmU8G+Y/xpPDJz/se19ICsqj/momRbb9mh9ZUtkoJ5X3nTnPdhEJyc0qnM6yAsHBaA==}
    dev: false

  /node-domexception@1.0.0:
    resolution: {integrity: sha512-/jKZoMpw0F8GRwl4/eLROPA3cfcXtLApP0QzLmUT/HuPCZWyB7IY9ZrMeKw2O/nFIqPQB3PVM9aYm0F312AXDQ==}
    engines: {node: '>=10.5.0'}
    dev: false

  /node-fetch@3.3.1:
    resolution: {integrity: sha512-cRVc/kyto/7E5shrWca1Wsea4y6tL9iYJE5FBCius3JQfb/4P4I295PfhgbJQBLTx6lATE4z+wK0rPM4VS2uow==}
    engines: {node: ^12.20.0 || ^14.13.1 || >=16.0.0}
    dependencies:
      data-uri-to-buffer: 4.0.1
      fetch-blob: 3.2.0
      formdata-polyfill: 4.0.10
    dev: false

  /node-fetch@3.3.2:
    resolution: {integrity: sha512-dRB78srN/l6gqWulah9SrxeYnxeddIG30+GOqK/9OlLVyLg3HPnr6SqOWTWOXKRwC2eGYCkZ59NNuSgvSrpgOA==}
    engines: {node: ^12.20.0 || ^14.13.1 || >=16.0.0}
    dependencies:
      data-uri-to-buffer: 4.0.1
      fetch-blob: 3.2.0
      formdata-polyfill: 4.0.10
    dev: false

  /node-gyp-build-optional-packages@5.0.7:
    resolution: {integrity: sha512-YlCCc6Wffkx0kHkmam79GKvDQ6x+QZkMjFGrIMxgFNILFvGSbCp2fCBC55pGTT9gVaz8Na5CLmxt/urtzRv36w==}
    hasBin: true
    requiresBuild: true
    dev: false
    optional: true

  /opencc-js@1.0.5:
    resolution: {integrity: sha512-LD+1SoNnZdlRwtYTjnQdFrSVCAaYpuDqL5CkmOaHOkKoKh7mFxUicLTRVNLU5C+Jmi1vXQ3QL4jWdgSaa4sKjg==}
    dev: false

  /path-type@4.0.0:
    resolution: {integrity: sha512-gDKb8aZMDeD/tZWs9P6+q0J9Mwkdl6xMV8TjnGP3qJVJ06bdMgkbBlLU8IdfOsIsFz2BW1rNVT3XuNEl8zPAvw==}
    engines: {node: '>=8'}
    dev: false

  /pause-stream@0.0.11:
    resolution: {integrity: sha512-e3FBlXLmN/D1S+zHzanP4E/4Z60oFAa3O051qt1pxa7DEJWKAyil6upYVXCWadEnuoqa4Pkc9oUx9zsxYeRv8A==}
    dependencies:
      through: 2.3.8
    dev: false

  /picomatch@2.3.1:
    resolution: {integrity: sha512-JU3teHTNjmE2VCGFzuY8EXzCDVwEqB2a8fsIvwaStHhAWJEeVd1o1QD80CU6+ZdEXXSLbSsuLwJjkCBWqRQUVA==}
    engines: {node: '>=8.6'}
    dev: false

  /progress@2.0.3:
    resolution: {integrity: sha512-7PiHtLll5LdnKIMw100I+8xJXR5gW2QwWYkT6iJva0bXitZKa/XMrSbdmg3r2Xnaidz9Qumd0VPaMrZlF9V9sA==}
    engines: {node: '>=0.4.0'}
    dev: false

  /ps-tree@1.2.0:
    resolution: {integrity: sha512-0VnamPPYHl4uaU/nSFeZZpR21QAWRz+sRv4iW9+v/GS/J5U5iZB5BNN6J0RMoOvdx2gWM2+ZFMIm58q24e4UYA==}
    engines: {node: '>= 0.10'}
    hasBin: true
    dependencies:
      event-stream: 3.3.4
    dev: false

  /queue-microtask@1.2.3:
    resolution: {integrity: sha512-NuaNSa6flKT5JaSYQzJok04JzTL1CA6aGhv5rfLW3PgqA+M2ChpZQnAC8h8i4ZFkBS8X5RqkDBHA7r4hej3K9A==}
    dev: false

  /redis-errors@1.2.0:
    resolution: {integrity: sha512-1qny3OExCf0UvUV/5wpYKf2YwPcOqXzkwKKSmKHiE6ZMQs5heeE/c8eXK+PNllPvmjgAbfnsbpkGZWy8cBpn9w==}
    engines: {node: '>=4'}
    dev: false

  /redis-parser@3.0.0:
    resolution: {integrity: sha512-DJnGAeenTdpMEH6uAJRK/uiyEIH9WVsUmoLwzudwGJUwZPp80PDBWPHXSAGNPwNvIXAbe7MSUB1zQFugFml66A==}
    engines: {node: '>=4'}
    dependencies:
      redis-errors: 1.2.0
    dev: false

  /require-directory@2.1.1:
    resolution: {integrity: sha512-fGxEI7+wsG9xrvdjsrlmL22OMTTiHRwAMroiEeMgq8gzoLC/PQr7RsRDSTLUg/bZAZtF+TVIkHc6/4RIKrui+Q==}
    engines: {node: '>=0.10.0'}
    dev: false

  /reusify@1.0.4:
    resolution: {integrity: sha512-U9nH88a3fc/ekCF1l0/UP1IosiuIjyTh7hBvXVMHYgVcfGvt897Xguj2UOLDeI5BG2m7/uwyaLVT6fbtCwTyzw==}
    engines: {iojs: '>=1.0.0', node: '>=0.10.0'}
    dev: false

  /run-parallel@1.2.0:
    resolution: {integrity: sha512-5l4VyZR86LZ/lDxZTR6jqL8AFE2S0IFLMP26AbjsLVADxHdhB/c0GUsH+y39UfCi3dzz8OlQuPmnaJOMoDHQBA==}
    dependencies:
      queue-microtask: 1.2.3
    dev: false

  /slash@4.0.0:
    resolution: {integrity: sha512-3dOsAHXXUkQTpOYcoAxLIorMTp4gIQr5IW3iVb7A7lFIp0VHhnynm9izx6TssdrIcVIESAlVjtnO2K8bg+Coew==}
    engines: {node: '>=12'}
    dev: false

  /split@0.3.3:
    resolution: {integrity: sha512-wD2AeVmxXRBoX44wAycgjVpMhvbwdI2aZjCkvfNcH1YqHQvJVa1duWc73OyVGJUc05fhFaTZeQ/PYsrmyH0JVA==}
    dependencies:
      through: 2.3.8
    dev: false

  /standard-as-callback@2.1.0:
    resolution: {integrity: sha512-qoRRSyROncaz1z0mvYqIE4lCd9p2R90i6GxW3uZv5ucSu8tU7B5HXUP1gG8pVZsYNVaXjk8ClXHPttLyxAL48A==}
    dev: false

  /stream-combiner@0.0.4:
    resolution: {integrity: sha512-rT00SPnTVyRsaSz5zgSPma/aHSOic5U1prhYdRy5HS2kTZviFpmDgzilbtsJsxiroqACmayynDN/9VzIbX5DOw==}
    dependencies:
      duplexer: 0.1.2
    dev: false

  /string-width@4.2.3:
    resolution: {integrity: sha512-wKyQRQpjJ0sIp62ErSZdGsjMJWsap5oRNihHhu6G7JVO/9jIB6UyevL+tXuOqrng8j/cxKTWyWUwvSTriiZz/g==}
    engines: {node: '>=8'}
    dependencies:
      emoji-regex: 8.0.0
      is-fullwidth-code-point: 3.0.0
      strip-ansi: 6.0.1
    dev: false

  /strip-ansi@6.0.1:
    resolution: {integrity: sha512-Y38VPSHcqkFrCpFnQ9vuSXmquuv5oXOKpGeT6aGrr3o3Gc9AlVa6JBfUSOCnbxGGZF+/0ooI7KrPuUSztUdU5A==}
    engines: {node: '>=8'}
    dependencies:
      ansi-regex: 5.0.1
    dev: false

  /through@2.3.8:
    resolution: {integrity: sha512-w89qg7PI8wAdvX60bMDP+bFoD5Dvhm9oLheFp5O4a2QF0cSBGsBX4qZmadPMvVqlLJBBci+WqGGOAPvcDeNSVg==}
    dev: false

  /to-regex-range@5.0.1:
    resolution: {integrity: sha512-65P7iz6X5yEr1cwcgvQxbbIw7Uk3gOy5dIdtZ4rDveLqhrdJP+Li/Hx6tyK0NEb+2GCyneCMJiGqrADCSNk8sQ==}
    engines: {node: '>=8.0'}
    dependencies:
      is-number: 7.0.0
    dev: false

  /toml-patch@0.2.3:
    resolution: {integrity: sha512-SQI/j7f2S/iQZmoWBWNUMTfVmPbhP3+YCqxB/q8iOjdnXBk29HDARHzjCazmwftZaylYuMSrTTrvJiESVyzJzw==}
    dev: false

  /undici-types@5.26.5:
    resolution: {integrity: sha512-JlCMO+ehdEIKqlFxk6IfVoAUVmgz7cU7zD/h9XZ0qzeosSHmUJVOzSQvvYSYWXkFXC+IfLKSIffhv0sVZup6pA==}
    dev: false

  /universalify@2.0.1:
    resolution: {integrity: sha512-gptHNQghINnc/vTGIk0SOFGFNXw7JVrlRUtConJRlvaw6DuX0wO5Jeko9sWrMBhh+PsYAZ7oXAiOnf/UKogyiw==}
    engines: {node: '>= 10.0.0'}
    dev: false

  /web-streams-polyfill@3.2.1:
    resolution: {integrity: sha512-e0MO3wdXWKrLbL0DgGnUV7WHVuw9OUvL4hjgnPkIeEvESk74gAITi5G606JtZPp39cd8HA9VQzCIvA49LpPN5Q==}
    engines: {node: '>= 8'}
    dev: false

  /webpod@0.0.2:
    resolution: {integrity: sha512-cSwwQIeg8v4i3p4ajHhwgR7N6VyxAf+KYSSsY6Pd3aETE+xEU4vbitz7qQkB0I321xnhDdgtxuiSfk5r/FVtjg==}
    hasBin: true
    dev: false

  /which@3.0.1:
    resolution: {integrity: sha512-XA1b62dzQzLfaEOSQFTCOd5KFf/1VSzZo7/7TUjnya6u0vGGKzU96UQBZTAThCb2j4/xjBAyii1OhRLJEivHvg==}
    engines: {node: ^14.17.0 || ^16.13.0 || >=18.0.0}
    hasBin: true
    dependencies:
      isexe: 2.0.0
    dev: false

  /wrap-ansi@7.0.0:
    resolution: {integrity: sha512-YVGIj2kamLSTxw6NsZjoBxfSwsn0ycdesmc4p+Q21c5zPuZ1pl+NfxVdxPtdHvmNVOQ6XSYG4AUtyt/Fi7D16Q==}
    engines: {node: '>=10'}
    dependencies:
      ansi-styles: 4.3.0
      string-width: 4.2.3
      strip-ansi: 6.0.1
    dev: false

  /y18n@5.0.8:
    resolution: {integrity: sha512-0pfFzegeDWJHJIAmTLRP2DwHjdF5s7jo9tuztdQxAhINCdvS+3nGINqPd00AphqJR/0LhANUS6/+7SCb98YOfA==}
    engines: {node: '>=10'}
    dev: false

  /yaml@2.3.4:
    resolution: {integrity: sha512-8aAvwVUSHpfEqTQ4w/KMlf3HcRdt50E5ODIQJBw1fQ5RL34xabzxtUlzTXVqc4rkZsPbvrXKWnABCD7kWSmocA==}
    engines: {node: '>= 14'}
    dev: false

  /yargs-parser@21.1.1:
    resolution: {integrity: sha512-tVpsJW7DdjecAiFpbIB1e3qxIQsE6NoPc5/eTdrbbIC4h0LVsWhnoa3g+m2HclBIujHzsxZ4VJVA+GUuc2/LBw==}
    engines: {node: '>=12'}
    dev: false

  /yargs@17.7.2:
    resolution: {integrity: sha512-7dSzzRQ++CKnNI/krKnYRV7JKKPUXMEh61soaHKg9mrWEhzFWhFnxPxGl+69cD1Ou63C13NUPCnmIcrvqCuM6w==}
    engines: {node: '>=12'}
    dependencies:
      cliui: 8.0.1
      escalade: 3.1.1
      get-caller-file: 2.0.5
      require-directory: 2.1.1
      string-width: 4.2.3
      y18n: 5.0.8
      yargs-parser: 21.1.1
    dev: false

  /zx@7.2.3:
    resolution: {integrity: sha512-QODu38nLlYXg/B/Gw7ZKiZrvPkEsjPN3LQ5JFXM7h0JvwhEdPNNl+4Ao1y4+o3CLNiDUNcwzQYZ4/Ko7kKzCMA==}
    engines: {node: '>= 16.0.0'}
    hasBin: true
    dependencies:
      '@types/fs-extra': 11.0.4
      '@types/minimist': 1.2.5
      '@types/node': 18.19.3
      '@types/ps-tree': 1.1.6
      '@types/which': 3.0.3
      chalk: 5.3.0
      fs-extra: 11.2.0
      fx: 31.0.0
      globby: 13.2.2
      minimist: 1.2.8
      node-fetch: 3.3.1
      ps-tree: 1.2.0
      webpod: 0.0.2
      which: 3.0.1
      yaml: 2.3.4
    dev: false
