lockfileVersion: '6.0'

settings:
  autoInstallPeers: true
  excludeLinksFromLockfile: false

dependencies:
  nodemailer:
    specifier: ^6.9.12
    version: 6.9.12

packages:

  /nodemailer@6.9.12:
    resolution: {integrity: sha512-pnLo7g37Br3jXbF0bl5DekBJihm2q+3bB3l2o/B060sWmb5l+VqeScAQCBqaQ+5ezRZFzW5SciZNGdRDEbq89w==}
    engines: {node: '>=6.0.0'}
    dev: false
